
Microsoft Visual Studio Solution File, Format Version 12.00
# Visual Studio Version 16
VisualStudioVersion = 16.0.31321.278
MinimumVisualStudioVersion = 10.0.40219.1
Project("{FAE04EC0-301F-11D3-BF4B-00C04F79EFBC}") = "CerberusStateMachine", "src\CerberusStateMachine.csproj", "{744983D3-AB21-48B0-B4A8-C8D0927C046E}"
EndProject
Global
	GlobalSection(SolutionConfigurationPlatforms) = preSolution
		Debug|Any CPU = Debug|Any CPU
		Release|Any CPU = Release|Any CPU
	EndGlobalSection
	GlobalSection(ProjectConfigurationPlatforms) = postSolution
		{744983D3-AB21-48B0-B4A8-C8D0927C046E}.Debug|Any CPU.ActiveCfg = Debug|Any CPU
		{744983D3-AB21-48B0-B4A8-C8D0927C046E}.Debug|Any CPU.Build.0 = Debug|Any CPU
		{744983D3-AB21-48B0-B4A8-C8D0927C046E}.Release|Any CPU.ActiveCfg = Release|Any CPU
		{744983D3-AB21-48B0-B4A8-C8D0927C046E}.Release|Any CPU.Build.0 = Release|Any CPU
	EndGlobalSection
	GlobalSection(SolutionProperties) = preSolution
		HideSolutionNode = FALSE
	EndGlobalSection
	GlobalSection(ExtensibilityGlobals) = postSolution
		SolutionGuid = {FED75B33-53E9-41E8-8CE8-DBBB63B91350}
	EndGlobalSection
EndGlobal
